
Microsoft Visual Studio Solution File, Format Version 12.00
# Visual Studio Version 17
VisualStudioVersion = 17.14.36414.22
MinimumVisualStudioVersion = 10.0.40219.1
Project("{8BC9CEB8-8B4A-11D0-8D11-00A0C91BC942}") = "SDL3", "ThirdParty\SDL\SDL.vcxproj", "{81CE8DAF-EBB2-4761-8E45-B71ABCCA8C68}"
EndProject
Project("{2150E333-8FDC-42A3-9474-1A3956D46DE8}") = "Dependencies", "Dependencies", "{02EA681E-C7D8-13C7-8484-4AC65E1B71E8}"
EndProject
Project("{8BC9CEB8-8B4A-11D0-8D11-00A0C91BC942}") = "App", "App\App.vcxproj", "{A442FE45-82B1-45C4-BF6A-606693115B2B}"
EndProject
Project("{8BC9CEB8-8B4A-11D0-8D11-00A0C91BC942}") = "Engine", "Engine\Engine.vcxproj", "{FE2A633D-EB56-43DC-8BEE-6DD104EBFC57}"
EndProject
Project("{8BC9CEB8-8B4A-11D0-8D11-00A0C91BC942}") = "Game", "Game\Game.vcxproj", "{89455942-FF12-455B-BCEE-10B9CCDFEB27}"
EndProject
Global
	GlobalSection(SolutionConfigurationPlatforms) = preSolution
		Debug|x64 = Debug|x64
		Debug|x86 = Debug|x86
		Release|x64 = Release|x64
		Release|x86 = Release|x86
	EndGlobalSection
	GlobalSection(ProjectConfigurationPlatforms) = postSolution
		{81CE8DAF-EBB2-4761-8E45-B71ABCCA8C68}.Debug|x64.ActiveCfg = Debug|x64
		{81CE8DAF-EBB2-4761-8E45-B71ABCCA8C68}.Debug|x64.Build.0 = Debug|x64
		{81CE8DAF-EBB2-4761-8E45-B71ABCCA8C68}.Debug|x86.ActiveCfg = Debug|Win32
		{81CE8DAF-EBB2-4761-8E45-B71ABCCA8C68}.Debug|x86.Build.0 = Debug|Win32
		{81CE8DAF-EBB2-4761-8E45-B71ABCCA8C68}.Release|x64.ActiveCfg = Release|x64
		{81CE8DAF-EBB2-4761-8E45-B71ABCCA8C68}.Release|x64.Build.0 = Release|x64
		{81CE8DAF-EBB2-4761-8E45-B71ABCCA8C68}.Release|x86.ActiveCfg = Release|Win32
		{81CE8DAF-EBB2-4761-8E45-B71ABCCA8C68}.Release|x86.Build.0 = Release|Win32
		{A442FE45-82B1-45C4-BF6A-606693115B2B}.Debug|x64.ActiveCfg = Debug|x64
		{A442FE45-82B1-45C4-BF6A-606693115B2B}.Debug|x64.Build.0 = Debug|x64
		{A442FE45-82B1-45C4-BF6A-606693115B2B}.Debug|x86.ActiveCfg = Debug|Win32
		{A442FE45-82B1-45C4-BF6A-606693115B2B}.Debug|x86.Build.0 = Debug|Win32
		{A442FE45-82B1-45C4-BF6A-606693115B2B}.Release|x64.ActiveCfg = Release|x64
		{A442FE45-82B1-45C4-BF6A-606693115B2B}.Release|x64.Build.0 = Release|x64
		{A442FE45-82B1-45C4-BF6A-606693115B2B}.Release|x86.ActiveCfg = Release|Win32
		{A442FE45-82B1-45C4-BF6A-606693115B2B}.Release|x86.Build.0 = Release|Win32
		{FE2A633D-EB56-43DC-8BEE-6DD104EBFC57}.Debug|x64.ActiveCfg = Debug|x64
		{FE2A633D-EB56-43DC-8BEE-6DD104EBFC57}.Debug|x64.Build.0 = Debug|x64
		{FE2A633D-EB56-43DC-8BEE-6DD104EBFC57}.Debug|x86.ActiveCfg = Debug|Win32
		{FE2A633D-EB56-43DC-8BEE-6DD104EBFC57}.Debug|x86.Build.0 = Debug|Win32
		{FE2A633D-EB56-43DC-8BEE-6DD104EBFC57}.Release|x64.ActiveCfg = Release|x64
		{FE2A633D-EB56-43DC-8BEE-6DD104EBFC57}.Release|x64.Build.0 = Release|x64
		{FE2A633D-EB56-43DC-8BEE-6DD104EBFC57}.Release|x86.ActiveCfg = Release|Win32
		{FE2A633D-EB56-43DC-8BEE-6DD104EBFC57}.Release|x86.Build.0 = Release|Win32
		{89455942-FF12-455B-BCEE-10B9CCDFEB27}.Debug|x64.ActiveCfg = Debug|x64
		{89455942-FF12-455B-BCEE-10B9CCDFEB27}.Debug|x64.Build.0 = Debug|x64
		{89455942-FF12-455B-BCEE-10B9CCDFEB27}.Debug|x86.ActiveCfg = Debug|Win32
		{89455942-FF12-455B-BCEE-10B9CCDFEB27}.Debug|x86.Build.0 = Debug|Win32
		{89455942-FF12-455B-BCEE-10B9CCDFEB27}.Release|x64.ActiveCfg = Release|x64
		{89455942-FF12-455B-BCEE-10B9CCDFEB27}.Release|x64.Build.0 = Release|x64
		{89455942-FF12-455B-BCEE-10B9CCDFEB27}.Release|x86.ActiveCfg = Release|Win32
		{89455942-FF12-455B-BCEE-10B9CCDFEB27}.Release|x86.Build.0 = Release|Win32
	EndGlobalSection
	GlobalSection(SolutionProperties) = preSolution
		HideSolutionNode = FALSE
	EndGlobalSection
	GlobalSection(NestedProjects) = preSolution
		{81CE8DAF-EBB2-4761-8E45-B71ABCCA8C68} = {02EA681E-C7D8-13C7-8484-4AC65E1B71E8}
	EndGlobalSection
	GlobalSection(ExtensibilityGlobals) = postSolution
		SolutionGuid = {ABB1EE5A-1534-4D62-983F-88FB6D5224C9}
	EndGlobalSection
EndGlobal
