<?xml version="1.0" encoding="utf-8"?>
<Project ToolsVersion="4.0" xmlns="http://schemas.microsoft.com/developer/msbuild/2003">
  <ItemGroup>
    <Filter Include="Source Files">
      <UniqueIdentifier>{4FC737F1-C7A5-4376-A066-2A32D752A2FF}</UniqueIdentifier>
      <Extensions>cpp;c;cc;cxx;c++;cppm;ixx;def;odl;idl;hpj;bat;asm;asmx</Extensions>
    </Filter>
    <Filter Include="Header Files">
      <UniqueIdentifier>{93995380-89BD-4b04-88EB-625FBE52EBFB}</UniqueIdentifier>
      <Extensions>h;hh;hpp;hxx;h++;hm;inl;inc;ipp;xsd</Extensions>
    </Filter>
    <Filter Include="Resource Files">
      <UniqueIdentifier>{67DA6AB6-F800-4c08-8B7A-83BB121AAD01}</UniqueIdentifier>
      <Extensions>rc;ico;cur;bmp;dlg;rc2;rct;bin;rgs;gif;jpg;jpeg;jpe;resx;tiff;tif;png;wav;mfcribbon-ms</Extensions>
    </Filter>
  </ItemGroup>
  <ItemGroup>
    <ClInclude Include="OstEngine\Engine.h">
      <Filter>Header Files</Filter>
    </ClInclude>
    <ClInclude Include="OstEngine\Rendering\Window.h">
      <Filter>Header Files</Filter>
    </ClInclude>
    <ClInclude Include="OstEngine\Types.h">
      <Filter>Header Files</Filter>
    </ClInclude>
    <ClInclude Include="OstEngine\Math\Vector2.h">
      <Filter>Header Files</Filter>
    </ClInclude>
    <ClInclude Include="OstEngine\Math\NumericUtils.h">
      <Filter>Header Files</Filter>
    </ClInclude>
    <ClInclude Include="OstEngine\Math\Vectors.h">
      <Filter>Header Files</Filter>
    </ClInclude>
    <ClInclude Include="OstEngine\Application\GameInterface.h">
      <Filter>Header Files</Filter>
    </ClInclude>
    <ClInclude Include="OstEngine\Utility\UntypedPointer.h">
      <Filter>Header Files</Filter>
    </ClInclude>
    <ClInclude Include="OstEngine\Math\Color.h">
      <Filter>Header Files</Filter>
    </ClInclude>
    <ClInclude Include="OstEngine\Math\Rect.h">
      <Filter>Header Files</Filter>
    </ClInclude>
    <ClInclude Include="OstEngine\EngineConfig.h">
      <Filter>Header Files</Filter>
    </ClInclude>
    <ClInclude Include="OstEngine\Utility\Timer.h">
      <Filter>Header Files</Filter>
    </ClInclude>
    <ClInclude Include="OstEngine\Application\InputReader.h">
      <Filter>Header Files</Filter>
    </ClInclude>
    <ClInclude Include="OstEngine\Application\KeyCodes.h">
      <Filter>Header Files</Filter>
    </ClInclude>
    <ClInclude Include="OstEngine\Input\InputSystem.h">
      <Filter>Header Files</Filter>
    </ClInclude>
    <ClInclude Include="OstEngine\Input\InputValue.h">
      <Filter>Header Files</Filter>
    </ClInclude>
    <ClInclude Include="OstEngine\Input\InputActionType.h">
      <Filter>Header Files</Filter>
    </ClInclude>
    <ClInclude Include="OstEngine\Input\InputAction.h">
      <Filter>Header Files</Filter>
    </ClInclude>
    <ClInclude Include="OstEngine\Math\Vector3.h">
      <Filter>Header Files</Filter>
    </ClInclude>
    <ClInclude Include="OstEngine\Math\Vector4.h">
      <Filter>Header Files</Filter>
    </ClInclude>
    <ClInclude Include="OstEngine\Math\Matrix3x3.h">
      <Filter>Header Files</Filter>
    </ClInclude>
    <ClInclude Include="OstEngine\Math\Matrix4x4.h">
      <Filter>Header Files</Filter>
    </ClInclude>
    <ClInclude Include="OstEngine\Math\AngleUnit.h">
      <Filter>Header Files</Filter>
    </ClInclude>
    <ClInclude Include="OstEngine\Math\Matrix2x2.h">
      <Filter>Header Files</Filter>
    </ClInclude>
    <ClInclude Include="OstEngine\Rendering\DX\DXRenderer.h">
      <Filter>Header Files</Filter>
    </ClInclude>
    <ClInclude Include="OstEngine\ImGui\imconfig.h">
      <Filter>Header Files</Filter>
    </ClInclude>
    <ClInclude Include="OstEngine\ImGui\imgui.h">
      <Filter>Header Files</Filter>
    </ClInclude>
    <ClInclude Include="OstEngine\ImGui\imgui_impl_dx11.h">
      <Filter>Header Files</Filter>
    </ClInclude>
    <ClInclude Include="OstEngine\ImGui\imgui_impl_win32.h">
      <Filter>Header Files</Filter>
    </ClInclude>
    <ClInclude Include="OstEngine\ImGui\imgui_internal.h">
      <Filter>Header Files</Filter>
    </ClInclude>
    <ClInclude Include="OstEngine\ImGui\imstb_rectpack.h">
      <Filter>Header Files</Filter>
    </ClInclude>
    <ClInclude Include="OstEngine\ImGui\imstb_textedit.h">
      <Filter>Header Files</Filter>
    </ClInclude>
    <ClInclude Include="OstEngine\ImGui\imstb_truetype.h">
      <Filter>Header Files</Filter>
    </ClInclude>
    <ClInclude Include="OstEngine\EngineBuildFlags.h">
      <Filter>Header Files</Filter>
    </ClInclude>
    <ClInclude Include="OstEngine\Rendering\DX\EngineInfoGui.h">
      <Filter>Header Files</Filter>
    </ClInclude>
    <ClInclude Include="OstEngine\Debug\Logging\LogLevel.h">
      <Filter>Header Files</Filter>
    </ClInclude>
    <ClInclude Include="OstEngine\Debug\Logging\LogMessage.h">
      <Filter>Header Files</Filter>
    </ClInclude>
    <ClInclude Include="OstEngine\Debug\Logging\Logger.h">
      <Filter>Header Files</Filter>
    </ClInclude>
    <ClInclude Include="OstEngine\Debug\GUI\GUILogOutput.h">
      <Filter>Header Files</Filter>
    </ClInclude>
    <ClInclude Include="OstEngine\Rendering\DX\DXRenderState.h">
      <Filter>Header Files</Filter>
    </ClInclude>
    <ClInclude Include="OstEngine\OstEngineMinimal.h">
      <Filter>Header Files</Filter>
    </ClInclude>
    <ClInclude Include="OstEngine\Debug\Assert.h">
      <Filter>Header Files</Filter>
    </ClInclude>
    <ClInclude Include="OstEngine\Rendering\DX\DXRenderStateDescriptor.h">
      <Filter>Header Files</Filter>
    </ClInclude>
    <ClInclude Include="OstEngine\Rendering\DX\OSRFileReader.h">
      <Filter>Header Files</Filter>
    </ClInclude>
    <ClInclude Include="OstEngine\ImGui\ImGuiHandling.h">
      <Filter>Header Files</Filter>
    </ClInclude>
    <ClInclude Include="OstEngine\Rendering\DX\DXShaderCompiler.h">
      <Filter>Header Files</Filter>
    </ClInclude>
  </ItemGroup>
  <ItemGroup>
    <ClCompile Include="OstEngine\Engine.cpp">
      <Filter>Source Files</Filter>
    </ClCompile>
    <ClCompile Include="OstEngine\Rendering\Window.cpp">
      <Filter>Source Files</Filter>
    </ClCompile>
    <ClCompile Include="OstEngine\Math\Color.cpp">
      <Filter>Source Files</Filter>
    </ClCompile>
    <ClCompile Include="OstEngine\EngineConfig.cpp">
      <Filter>Source Files</Filter>
    </ClCompile>
    <ClCompile Include="OstEngine\Utility\Timer.cpp">
      <Filter>Source Files</Filter>
    </ClCompile>
    <ClCompile Include="OstEngine\Application\InputReader.cpp">
      <Filter>Source Files</Filter>
    </ClCompile>
    <ClCompile Include="OstEngine\Application\KeyCodes.cpp">
      <Filter>Source Files</Filter>
    </ClCompile>
    <ClCompile Include="OstEngine\Input\InputAction.cpp">
      <Filter>Source Files</Filter>
    </ClCompile>
    <ClCompile Include="OstEngine\Input\InputSystem.cpp">
      <Filter>Source Files</Filter>
    </ClCompile>
    <ClCompile Include="OstEngine\Math\AngleUnit.cpp">
      <Filter>Source Files</Filter>
    </ClCompile>
    <ClCompile Include="OstEngine\Rendering\DX\DXRenderer.cpp">
      <Filter>Source Files</Filter>
    </ClCompile>
    <ClCompile Include="OstEngine\ImGui\imgui.cpp">
      <Filter>Source Files</Filter>
    </ClCompile>
    <ClCompile Include="OstEngine\ImGui\imgui_demo.cpp">
      <Filter>Source Files</Filter>
    </ClCompile>
    <ClCompile Include="OstEngine\ImGui\imgui_draw.cpp">
      <Filter>Source Files</Filter>
    </ClCompile>
    <ClCompile Include="OstEngine\ImGui\imgui_impl_dx11.cpp">
      <Filter>Source Files</Filter>
    </ClCompile>
    <ClCompile Include="OstEngine\ImGui\imgui_impl_win32.cpp">
      <Filter>Source Files</Filter>
    </ClCompile>
    <ClCompile Include="OstEngine\ImGui\imgui_tables.cpp">
      <Filter>Source Files</Filter>
    </ClCompile>
    <ClCompile Include="OstEngine\ImGui\imgui_widgets.cpp">
      <Filter>Source Files</Filter>
    </ClCompile>
    <ClCompile Include="OstEngine\Rendering\DX\EngineInfoGui.cpp">
      <Filter>Source Files</Filter>
    </ClCompile>
    <ClCompile Include="OstEngine\Debug\Logging\Logger.cpp">
      <Filter>Source Files</Filter>
    </ClCompile>
    <ClCompile Include="OstEngine\Debug\GUI\GUILogOutput.cpp">
      <Filter>Source Files</Filter>
    </ClCompile>
    <ClCompile Include="OstEngine\Rendering\DX\DXRenderState.cpp">
      <Filter>Source Files</Filter>
    </ClCompile>
    <ClCompile Include="OstEngine\Rendering\DX\DXRenderStateDescriptor.cpp">
      <Filter>Source Files</Filter>
    </ClCompile>
    <ClCompile Include="OstEngine\Rendering\DX\OSRFileReader.cpp">
      <Filter>Source Files</Filter>
    </ClCompile>
    <ClCompile Include="OstEngine\ImGui\ImGuiHandling.cpp">
      <Filter>Source Files</Filter>
    </ClCompile>
    <ClCompile Include="OstEngine\Rendering\DX\DXShaderCompiler.cpp">
      <Filter>Source Files</Filter>
    </ClCompile>
  </ItemGroup>
</Project>